// !$*UTF8*$!
{
	archiveVersion = 1;
	classes = {
	};
	objectVersion = 46;
	objects = {

/* Begin PBXBuildFile section */
		D10049441DECEC6A004CCFAA /* AppDelegate.swift in Sources */ = {isa = PBXBuildFile; fileRef = D10049431DECEC6A004CCFAA /* AppDelegate.swift */; };
		D10049461DECEC6A004CCFAA /* ViewController.swift in Sources */ = {isa = PBXBuildFile; fileRef = D10049451DECEC6A004CCFAA /* ViewController.swift */; };
		D10049491DECEC6A004CCFAA /* Main.storyboard in Resources */ = {isa = PBXBuildFile; fileRef = D10049471DECEC6A004CCFAA /* Main.storyboard */; };
		D100494B1DECEC6A004CCFAA /* Assets.xcassets in Resources */ = {isa = PBXBuildFile; fileRef = D100494A1DECEC6A004CCFAA /* Assets.xcassets */; };
		D100494E1DECEC6A004CCFAA /* LaunchScreen.storyboard in Resources */ = {isa = PBXBuildFile; fileRef = D100494C1DECEC6A004CCFAA /* LaunchScreen.storyboard */; };
/* End PBXBuildFile section */

/* Begin PBXFileReference section */
		D10049401DECEC6A004CCFAA /* DIOCollectionViewExample.app */ = {isa = PBXFileReference; explicitFileType = wrapper.application; includeInIndex = 0; path = DIOCollectionViewExample.app; sourceTree = BUILT_PRODUCTS_DIR; };
		D10049431DECEC6A004CCFAA /* AppDelegate.swift */ = {isa = PBXFileReference; lastKnownFileType = sourcecode.swift; path = AppDelegate.swift; sourceTree = "<group>"; };
		D10049451DECEC6A004CCFAA /* ViewController.swift */ = {isa = PBXFileReference; lastKnownFileType = sourcecode.swift; path = ViewController.swift; sourceTree = "<group>"; };
		D10049481DECEC6A004CCFAA /* Base */ = {isa = PBXFileReference; lastKnownFileType = file.storyboard; name = Base; path = Base.lproj/Main.storyboard; sourceTree = "<group>"; };
		D100494A1DECEC6A004CCFAA /* Assets.xcassets */ = {isa = PBXFileReference; lastKnownFileType = folder.assetcatalog; path = Assets.xcassets; sourceTree = "<group>"; };
		D100494D1DECEC6A004CCFAA /* Base */ = {isa = PBXFileReference; lastKnownFileType = file.storyboard; name = Base; path = Base.lproj/LaunchScreen.storyboard; sourceTree = "<group>"; };
		D100494F1DECEC6A004CCFAA /* Info.plist */ = {isa = PBXFileReference; lastKnownFileType = text.plist.xml; path = Info.plist; sourceTree = "<group>"; };
/* End PBXFileReference section */

/* Begin PBXFrameworksBuildPhase section */
		D100493D1DECEC6A004CCFAA /* Frameworks */ = {
			isa = PBXFrameworksBuildPhase;
			buildActionMask = 2147483647;
			files = (
			);
			runOnlyForDeploymentPostprocessing = 0;
		};
/* End PBXFrameworksBuildPhase section */

/* Begin PBXGroup section */
		D10049371DECEC6A004CCFAA = {
			isa = PBXGroup;
			children = (
				D10049421DECEC6A004CCFAA /* DIOCollectionViewExample */,
				D10049411DECEC6A004CCFAA /* Products */,
			);
			sourceTree = "<group>";
		};
		D10049411DECEC6A004CCFAA /* Products */ = {
			isa = PBXGroup;
			children = (
				D10049401DECEC6A004CCFAA /* DIOCollectionViewExample.app */,
			);
			name = Products;
			sourceTree = "<group>";
		};
		D10049421DECEC6A004CCFAA /* DIOCollectionViewExample */ = {
			isa = PBXGroup;
			children = (
				D10049431DECEC6A004CCFAA /* AppDelegate.swift */,
				D10049451DECEC6A004CCFAA /* ViewController.swift */,
				D10049471DECEC6A004CCFAA /* Main.storyboard */,
				D100494A1DECEC6A004CCFAA /* Assets.xcassets */,
				D100494C1DECEC6A004CCFAA /* LaunchScreen.storyboard */,
				D100494F1DECEC6A004CCFAA /* Info.plist */,
			);
			path = DIOCollectionViewExample;
			sourceTree = "<group>";
		};
/* End PBXGroup section */

/* Begin PBXNativeTarget section */
		D100493F1DECEC6A004CCFAA /* DIOCollectionViewExample */ = {
			isa = PBXNativeTarget;
			buildConfigurationList = D10049521DECEC6A004CCFAA /* Build configuration list for PBXNativeTarget "DIOCollectionViewExample" */;
			buildPhases = (
				D100493C1DECEC6A004CCFAA /* Sources */,
				D100493D1DECEC6A004CCFAA /* Frameworks */,
				D100493E1DECEC6A004CCFAA /* Resources */,
			);
			buildRules = (
			);
			dependencies = (
			);
			name = DIOCollectionViewExample;
			productName = DIOCollectionViewExample;
			productReference = D10049401DECEC6A004CCFAA /* DIOCollectionViewExample.app */;
			productType = "com.apple.product-type.application";
		};
/* End PBXNativeTarget section */

/* Begin PBXProject section */
		D10049381DECEC6A004CCFAA /* Project object */ = {
			isa = PBXProject;
			attributes = {
				LastSwiftUpdateCheck = 0810;
				LastUpgradeCheck = 0810;
				ORGANIZATIONNAME = matheusmcardoso;
				TargetAttributes = {
					D100493F1DECEC6A004CCFAA = {
						CreatedOnToolsVersion = 8.1;
						DevelopmentTeam = FWD9V5VYJ2;
						ProvisioningStyle = Automatic;
					};
				};
			};
			buildConfigurationList = D100493B1DECEC6A004CCFAA /* Build configuration list for PBXProject "DIOCollectionViewExample" */;
			compatibilityVersion = "Xcode 3.2";
			developmentRegion = English;
			hasScannedForEncodings = 0;
			knownRegions = (
				en,
				Base,
			);
			mainGroup = D10049371DECEC6A004CCFAA;
			productRefGroup = D10049411DECEC6A004CCFAA /* Products */;
			projectDirPath = "";
			projectRoot = "";
			targets = (
				D100493F1DECEC6A004CCFAA /* DIOCollectionViewExample */,
			);
		};
/* End PBXProject section */

/* Begin PBXResourcesBuildPhase section */
		D100493E1DECEC6A004CCFAA /* Resources */ = {
			isa = PBXResourcesBuildPhase;
			buildActionMask = 2147483647;
			files = (
				D100494E1DECEC6A004CCFAA /* LaunchScreen.storyboard in Resources */,
				D100494B1DECEC6A004CCFAA /* Assets.xcassets in Resources */,
				D10049491DECEC6A004CCFAA /* Main.storyboard in Resources */,
			);
			runOnlyForDeploymentPostprocessing = 0;
		};
/* End PBXResourcesBuildPhase section */

/* Begin PBXSourcesBuildPhase section */
		D100493C1DECEC6A004CCFAA /* Sources */ = {
			isa = PBXSourcesBuildPhase;
			buildActionMask = 2147483647;
			files = (
				D10049461DECEC6A004CCFAA /* ViewController.swift in Sources */,
				D10049441DECEC6A004CCFAA /* AppDelegate.swift in Sources */,
			);
			runOnlyForDeploymentPostprocessing = 0;
		};
/* End PBXSourcesBuildPhase section */

/* Begin PBXVariantGroup section */
		D10049471DECEC6A004CCFAA /* Main.storyboard */ = {
			isa = PBXVariantGroup;
			children = (
				D10049481DECEC6A004CCFAA /* Base */,
			);
			name = Main.storyboard;
			sourceTree = "<group>";
		};
		D100494C1DECEC6A004CCFAA /* LaunchScreen.storyboard */ = {
			isa = PBXVariantGroup;
			children = (
				D100494D1DECEC6A004CCFAA /* Base */,
			);
			name = LaunchScreen.storyboard;
			sourceTree = "<group>";
		};
/* End PBXVariantGroup section */

/* Begin XCBuildConfiguration section */
		D10049501DECEC6A004CCFAA /* Debug */ = {
			isa = XCBuildConfiguration;
			buildSettings = {
				ALWAYS_SEARCH_USER_PATHS = NO;
				CLANG_ANALYZER_NONNULL = YES;
				CLANG_CXX_LANGUAGE_STANDARD = "gnu++0x";
				CLANG_CXX_LIBRARY = "libc++";
				CLANG_ENABLE_MODULES = YES;
				CLANG_ENABLE_OBJC_ARC = YES;
				CLANG_WARN_BOOL_CONVERSION = YES;
				CLANG_WARN_CONSTANT_CONVERSION = YES;
				CLANG_WARN_DIRECT_OBJC_ISA_USAGE = YES_ERROR;
				CLANG_WARN_DOCUMENTATION_COMMENTS = YES;
				CLANG_WARN_EMPTY_BODY = YES;
				CLANG_WARN_ENUM_CONVERSION = YES;
				CLANG_WARN_INFINITE_RECURSION = YES;
				CLANG_WARN_INT_CONVERSION = YES;
				CLANG_WARN_OBJC_ROOT_CLASS = YES_ERROR;
				CLANG_WARN_SUSPICIOUS_MOVES = YES;
				CLANG_WARN_UNREACHABLE_CODE = YES;
				CLANG_WARN__DUPLICATE_METHOD_MATCH = YES;
				"CODE_SIGN_IDENTITY[sdk=iphoneos*]" = "iPhone Developer";
				COPY_PHASE_STRIP = NO;
				DEBUG_INFORMATION_FORMAT = dwarf;
				ENABLE_STRICT_OBJC_MSGSEND = YES;
				ENABLE_TESTABILITY = YES;
				GCC_C_LANGUAGE_STANDARD = gnu99;
				GCC_DYNAMIC_NO_PIC = NO;
				GCC_NO_COMMON_BLOCKS = YES;
				GCC_OPTIMIZATION_LEVEL = 0;
				GCC_PREPROCESSOR_DEFINITIONS = (
					"DEBUG=1",
					"$(inherited)",
				);
				GCC_WARN_64_TO_32_BIT_CONVERSION = YES;
				GCC_WARN_ABOUT_RETURN_TYPE = YES_ERROR;
				GCC_WARN_UNDECLARED_SELECTOR = YES;
				GCC_WARN_UNINITIALIZED_AUTOS = YES_AGGRESSIVE;
				GCC_WARN_UNUSED_FUNCTION = YES;
				GCC_WARN_UNUSED_VARIABLE = YES;
				IPHONEOS_DEPLOYMENT_TARGET = 10.1;
				MTL_ENABLE_DEBUG_INFO = YES;
				ONLY_ACTIVE_ARCH = YES;
				SDKROOT = iphoneos;
				SWIFT_ACTIVE_COMPILATION_CONDITIONS = DEBUG;
				SWIFT_OPTIMIZATION_LEVEL = "-Onone";
				TARGETED_DEVICE_FAMILY = "1,2";
			};
			name = Debug;
		};
		D10049511DECEC6A004CCFAA /* Release */ = {
			isa = XCBuildConfiguration;
			buildSettings = {
				ALWAYS_SEARCH_USER_PATHS = NO;
				CLANG_ANALYZER_NONNULL = YES;
				CLANG_CXX_LANGUAGE_STANDARD = "gnu++0x";
				CLANG_CXX_LIBRARY = "libc++";
				CLANG_ENABLE_MODULES = YES;
				CLANG_ENABLE_OBJC_ARC = YES;
				CLANG_WARN_BOOL_CONVERSION = YES;
				CLANG_WARN_CONSTANT_CONVERSION = YES;
				CLANG_WARN_DIRECT_OBJC_ISA_USAGE = YES_ERROR;
				CLANG_WARN_DOCUMENTATION_COMMENTS = YES;
				CLANG_WARN_EMPTY_BODY = YES;
				CLANG_WARN_ENUM_CONVERSION = YES;
				CLANG_WARN_INFINITE_RECURSION = YES;
				CLANG_WARN_INT_CONVERSION = YES;
				CLANG_WARN_OBJC_ROOT_CLASS = YES_ERROR;
				CLANG_WARN_SUSPICIOUS_MOVES = YES;
				CLANG_WARN_UNREACHABLE_CODE = YES;
				CLANG_WARN__DUPLICATE_METHOD_MATCH = YES;
				"CODE_SIGN_IDENTITY[sdk=iphoneos*]" = "iPhone Developer";
				COPY_PHASE_STRIP = NO;
				DEBUG_INFORMATION_FORMAT = "dwarf-with-dsym";
				ENABLE_NS_ASSERTIONS = NO;
				ENABLE_STRICT_OBJC_MSGSEND = YES;
				GCC_C_LANGUAGE_STANDARD = gnu99;
				GCC_NO_COMMON_BLOCKS = YES;
				GCC_WARN_64_TO_32_BIT_CONVERSION = YES;
				GCC_WARN_ABOUT_RETURN_TYPE = YES_ERROR;
				GCC_WARN_UNDECLARED_SELECTOR = YES;
				GCC_WARN_UNINITIALIZED_AUTOS = YES_AGGRESSIVE;
				GCC_WARN_UNUSED_FUNCTION = YES;
				GCC_WARN_UNUSED_VARIABLE = YES;
				IPHONEOS_DEPLOYMENT_TARGET = 10.1;
				MTL_ENABLE_DEBUG_INFO = NO;
				SDKROOT = iphoneos;
				SWIFT_OPTIMIZATION_LEVEL = "-Owholemodule";
				TARGETED_DEVICE_FAMILY = "1,2";
				VALIDATE_PRODUCT = YES;
			};
			name = Release;
		};
		D10049531DECEC6A004CCFAA /* Debug */ = {
			isa = XCBuildConfiguration;
			buildSettings = {
				ASSETCATALOG_COMPILER_APPICON_NAME = AppIcon;
				DEVELOPMENT_TEAM = FWD9V5VYJ2;
				INFOPLIST_FILE = DIOCollectionViewExample/Info.plist;
				LD_RUNPATH_SEARCH_PATHS = "$(inherited) @executable_path/Frameworks";
				PRODUCT_BUNDLE_IDENTIFIER = com.matheusmcardoso.DIOCollectionViewExample;
				PRODUCT_NAME = "$(TARGET_NAME)";
				SWIFT_VERSION = 3.0;
			};
			name = Debug;
		};
		D10049541DECEC6A004CCFAA /* Release */ = {
			isa = XCBuildConfiguration;
			buildSettings = {
				ASSETCATALOG_COMPILER_APPICON_NAME = AppIcon;
				DEVELOPMENT_TEAM = FWD9V5VYJ2;
				INFOPLIST_FILE = DIOCollectionViewExample/Info.plist;
				LD_RUNPATH_SEARCH_PATHS = "$(inherited) @executable_path/Frameworks";
				PRODUCT_BUNDLE_IDENTIFIER = com.matheusmcardoso.DIOCollectionViewExample;
				PRODUCT_NAME = "$(TARGET_NAME)";
				SWIFT_VERSION = 3.0;
			};
			name = Release;
		};
/* End XCBuildConfiguration section */

/* Begin XCConfigurationList section */
		D100493B1DECEC6A004CCFAA /* Build configuration list for PBXProject "DIOCollectionViewExample" */ = {
			isa = XCConfigurationList;
			buildConfigurations = (
				D10049501DECEC6A004CCFAA /* Debug */,
				D10049511DECEC6A004CCFAA /* Release */,
			);
			defaultConfigurationIsVisible = 0;
			defaultConfigurationName = Release;
		};
		D10049521DECEC6A004CCFAA /* Build configuration list for PBXNativeTarget "DIOCollectionViewExample" */ = {
			isa = XCConfigurationList;
			buildConfigurations = (
				D10049531DECEC6A004CCFAA /* Debug */,
				D10049541DECEC6A004CCFAA /* Release */,
			);
			defaultConfigurationIsVisible = 0;
		};
/* End XCConfigurationList section */
	};
	rootObject = D10049381DECEC6A004CCFAA /* Project object */;
}
